
Microsoft Visual Studio Solution File, Format Version 12.00
# Visual Studio Version 17
VisualStudioVersion = 17.3.32922.545
MinimumVisualStudioVersion = 10.0.40219.1
Project("{FAE04EC0-301F-11D3-BF4B-00C04F79EFBC}") = "UniversityStudentRegistrationSystem", "UniversityStudentRegistrationSystem\UniversityStudentRegistrationSystem.csproj", "{AB65F8B9-AAD8-41E9-B99E-D02D4852A8E4}"
EndProject
Project("{FAE04EC0-301F-11D3-BF4B-00C04F79EFBC}") = "BusinessLogicClassLibrary", "BusinessLogicClassLibrary\BusinessLogicClassLibrary.csproj", "{EEF42B8B-17B7-4BDB-89D6-49982C7FAF86}"
EndProject
Project("{FAE04EC0-301F-11D3-BF4B-00C04F79EFBC}") = "RepositoryClassLibrary", "RepositoryClassLibrary\RepositoryClassLibrary.csproj", "{D1727256-E165-4D55-901B-3B7829DD6116}"
EndProject
Global
	GlobalSection(SolutionConfigurationPlatforms) = preSolution
		Debug|Any CPU = Debug|Any CPU
		Release|Any CPU = Release|Any CPU
	EndGlobalSection
	GlobalSection(ProjectConfigurationPlatforms) = postSolution
		{AB65F8B9-AAD8-41E9-B99E-D02D4852A8E4}.Debug|Any CPU.ActiveCfg = Debug|Any CPU
		{AB65F8B9-AAD8-41E9-B99E-D02D4852A8E4}.Debug|Any CPU.Build.0 = Debug|Any CPU
		{AB65F8B9-AAD8-41E9-B99E-D02D4852A8E4}.Release|Any CPU.ActiveCfg = Release|Any CPU
		{AB65F8B9-AAD8-41E9-B99E-D02D4852A8E4}.Release|Any CPU.Build.0 = Release|Any CPU
		{EEF42B8B-17B7-4BDB-89D6-49982C7FAF86}.Debug|Any CPU.ActiveCfg = Debug|Any CPU
		{EEF42B8B-17B7-4BDB-89D6-49982C7FAF86}.Debug|Any CPU.Build.0 = Debug|Any CPU
		{EEF42B8B-17B7-4BDB-89D6-49982C7FAF86}.Release|Any CPU.ActiveCfg = Release|Any CPU
		{EEF42B8B-17B7-4BDB-89D6-49982C7FAF86}.Release|Any CPU.Build.0 = Release|Any CPU
		{D1727256-E165-4D55-901B-3B7829DD6116}.Debug|Any CPU.ActiveCfg = Debug|Any CPU
		{D1727256-E165-4D55-901B-3B7829DD6116}.Debug|Any CPU.Build.0 = Debug|Any CPU
		{D1727256-E165-4D55-901B-3B7829DD6116}.Release|Any CPU.ActiveCfg = Release|Any CPU
		{D1727256-E165-4D55-901B-3B7829DD6116}.Release|Any CPU.Build.0 = Release|Any CPU
	EndGlobalSection
	GlobalSection(SolutionProperties) = preSolution
		HideSolutionNode = FALSE
	EndGlobalSection
	GlobalSection(ExtensibilityGlobals) = postSolution
		SolutionGuid = {B7CC9D5D-C08E-495A-A991-4A0F2656727C}
	EndGlobalSection
EndGlobal
